
Microsoft Visual Studio Solution File, Format Version 12.00
# Visual Studio 14
VisualStudioVersion = 14.0.23107.0
MinimumVisualStudioVersion = 10.0.40219.1
Project("{FAE04EC0-301F-11D3-BF4B-00C04F79EFBC}") = "Sm4shCommand", "AnimCmd\Sm4shCommand.csproj", "{A79B3C25-FB69-4AF3-BFD2-F9D1451BF2CD}"
EndProject
Project("{FAE04EC0-301F-11D3-BF4B-00C04F79EFBC}") = "unPACKer", "unPACKer\unPACKer.csproj", "{6EB31A51-9898-49FF-A541-7AC576C5297D}"
EndProject
Project("{FAE04EC0-301F-11D3-BF4B-00C04F79EFBC}") = "DTLS", "DTLS\DTLS.csproj", "{2FA9BF13-2602-4ECE-A33C-F263FBAD0DA6}"
EndProject
Project("{FAE04EC0-301F-11D3-BF4B-00C04F79EFBC}") = "N0aH", "Noah\N0aH.csproj", "{056D33CC-715B-423F-9CF7-46122A7D0CBC}"
EndProject
Global
	GlobalSection(SolutionConfigurationPlatforms) = preSolution
		Debug|Any CPU = Debug|Any CPU
		Release|Any CPU = Release|Any CPU
	EndGlobalSection
	GlobalSection(ProjectConfigurationPlatforms) = postSolution
		{A79B3C25-FB69-4AF3-BFD2-F9D1451BF2CD}.Debug|Any CPU.ActiveCfg = Debug|Any CPU
		{A79B3C25-FB69-4AF3-BFD2-F9D1451BF2CD}.Debug|Any CPU.Build.0 = Debug|Any CPU
		{A79B3C25-FB69-4AF3-BFD2-F9D1451BF2CD}.Release|Any CPU.ActiveCfg = Release|Any CPU
		{A79B3C25-FB69-4AF3-BFD2-F9D1451BF2CD}.Release|Any CPU.Build.0 = Release|Any CPU
		{6EB31A51-9898-49FF-A541-7AC576C5297D}.Debug|Any CPU.ActiveCfg = Debug|Any CPU
		{6EB31A51-9898-49FF-A541-7AC576C5297D}.Debug|Any CPU.Build.0 = Debug|Any CPU
		{6EB31A51-9898-49FF-A541-7AC576C5297D}.Release|Any CPU.ActiveCfg = Release|Any CPU
		{6EB31A51-9898-49FF-A541-7AC576C5297D}.Release|Any CPU.Build.0 = Release|Any CPU
		{2FA9BF13-2602-4ECE-A33C-F263FBAD0DA6}.Debug|Any CPU.ActiveCfg = Debug|Any CPU
		{2FA9BF13-2602-4ECE-A33C-F263FBAD0DA6}.Debug|Any CPU.Build.0 = Debug|Any CPU
		{2FA9BF13-2602-4ECE-A33C-F263FBAD0DA6}.Release|Any CPU.ActiveCfg = Release|Any CPU
		{2FA9BF13-2602-4ECE-A33C-F263FBAD0DA6}.Release|Any CPU.Build.0 = Release|Any CPU
		{056D33CC-715B-423F-9CF7-46122A7D0CBC}.Debug|Any CPU.ActiveCfg = Debug|Any CPU
		{056D33CC-715B-423F-9CF7-46122A7D0CBC}.Debug|Any CPU.Build.0 = Debug|Any CPU
		{056D33CC-715B-423F-9CF7-46122A7D0CBC}.Release|Any CPU.ActiveCfg = Release|Any CPU
		{056D33CC-715B-423F-9CF7-46122A7D0CBC}.Release|Any CPU.Build.0 = Release|Any CPU
	EndGlobalSection
	GlobalSection(SolutionProperties) = preSolution
		HideSolutionNode = FALSE
	EndGlobalSection
EndGlobal
