
Microsoft Visual Studio Solution File, Format Version 12.00
# Visual Studio 15
VisualStudioVersion = 15.0.26430.13
MinimumVisualStudioVersion = 10.0.40219.1
Project("{FAE04EC0-301F-11D3-BF4B-00C04F79EFBC}") = "SM4SHCommand", "SM4SHCommand\SM4SHCommand.csproj", "{A79B3C25-FB69-4AF3-BFD2-F9D1451BF2CD}"
EndProject
Project("{FAE04EC0-301F-11D3-BF4B-00C04F79EFBC}") = "PACKManager", "PACKManager\PACKManager.csproj", "{6EB31A51-9898-49FF-A541-7AC576C5297D}"
EndProject
Project("{FAE04EC0-301F-11D3-BF4B-00C04F79EFBC}") = "DTLS", "DTLS\DTLS.csproj", "{2FA9BF13-2602-4ECE-A33C-F263FBAD0DA6}"
EndProject
Project("{FAE04EC0-301F-11D3-BF4B-00C04F79EFBC}") = "PARAM", "PARAM\PARAM.csproj", "{22D571D7-D327-46C0-8BA7-663F5EC0BA28}"
EndProject
Project("{FAE04EC0-301F-11D3-BF4B-00C04F79EFBC}") = "FITC", "FITX\FITC\FITC.csproj", "{67416765-5AA1-47BE-BFAA-9186BA2D2AB9}"
EndProject
Project("{FAE04EC0-301F-11D3-BF4B-00C04F79EFBC}") = "FITD", "FITX\FITD\FITD.csproj", "{CA2F70F1-6869-40FC-991F-C1E27DC577EF}"
EndProject
Project("{FAE04EC0-301F-11D3-BF4B-00C04F79EFBC}") = "XMBDump", "XMBDump\XMBDump.csproj", "{E86899D7-D46D-470B-BB96-78C1B427384B}"
EndProject
Project("{2150E333-8FDC-42A3-9474-1A3956D46DE8}") = "FITX", "FITX", "{F2E7A101-8CD5-4004-8DE6-75BEDD45C059}"
EndProject
Project("{2150E333-8FDC-42A3-9474-1A3956D46DE8}") = "XMB", "XMB", "{A8655E27-E6A2-4A00-AC99-26DFDB15042F}"
EndProject
Project("{FAE04EC0-301F-11D3-BF4B-00C04F79EFBC}") = "SALT", "SALT\SALT\SALT.csproj", "{6038E0A4-4140-43C6-BCAA-1344A7CACDB2}"
EndProject
Global
	GlobalSection(SolutionConfigurationPlatforms) = preSolution
		Debug|Any CPU = Debug|Any CPU
		Release|Any CPU = Release|Any CPU
	EndGlobalSection
	GlobalSection(ProjectConfigurationPlatforms) = postSolution
		{A79B3C25-FB69-4AF3-BFD2-F9D1451BF2CD}.Debug|Any CPU.ActiveCfg = Debug|Any CPU
		{A79B3C25-FB69-4AF3-BFD2-F9D1451BF2CD}.Debug|Any CPU.Build.0 = Debug|Any CPU
		{A79B3C25-FB69-4AF3-BFD2-F9D1451BF2CD}.Release|Any CPU.ActiveCfg = Release|Any CPU
		{A79B3C25-FB69-4AF3-BFD2-F9D1451BF2CD}.Release|Any CPU.Build.0 = Release|Any CPU
		{6EB31A51-9898-49FF-A541-7AC576C5297D}.Debug|Any CPU.ActiveCfg = Debug|Any CPU
		{6EB31A51-9898-49FF-A541-7AC576C5297D}.Debug|Any CPU.Build.0 = Debug|Any CPU
		{6EB31A51-9898-49FF-A541-7AC576C5297D}.Release|Any CPU.ActiveCfg = Release|Any CPU
		{6EB31A51-9898-49FF-A541-7AC576C5297D}.Release|Any CPU.Build.0 = Release|Any CPU
		{2FA9BF13-2602-4ECE-A33C-F263FBAD0DA6}.Debug|Any CPU.ActiveCfg = Debug|Any CPU
		{2FA9BF13-2602-4ECE-A33C-F263FBAD0DA6}.Debug|Any CPU.Build.0 = Debug|Any CPU
		{2FA9BF13-2602-4ECE-A33C-F263FBAD0DA6}.Release|Any CPU.ActiveCfg = Release|Any CPU
		{2FA9BF13-2602-4ECE-A33C-F263FBAD0DA6}.Release|Any CPU.Build.0 = Release|Any CPU
		{22D571D7-D327-46C0-8BA7-663F5EC0BA28}.Debug|Any CPU.ActiveCfg = Debug|Any CPU
		{22D571D7-D327-46C0-8BA7-663F5EC0BA28}.Debug|Any CPU.Build.0 = Debug|Any CPU
		{22D571D7-D327-46C0-8BA7-663F5EC0BA28}.Release|Any CPU.ActiveCfg = Release|Any CPU
		{22D571D7-D327-46C0-8BA7-663F5EC0BA28}.Release|Any CPU.Build.0 = Release|Any CPU
		{67416765-5AA1-47BE-BFAA-9186BA2D2AB9}.Debug|Any CPU.ActiveCfg = Debug|Any CPU
		{67416765-5AA1-47BE-BFAA-9186BA2D2AB9}.Debug|Any CPU.Build.0 = Debug|Any CPU
		{67416765-5AA1-47BE-BFAA-9186BA2D2AB9}.Release|Any CPU.ActiveCfg = Release|Any CPU
		{67416765-5AA1-47BE-BFAA-9186BA2D2AB9}.Release|Any CPU.Build.0 = Release|Any CPU
		{CA2F70F1-6869-40FC-991F-C1E27DC577EF}.Debug|Any CPU.ActiveCfg = Debug|Any CPU
		{CA2F70F1-6869-40FC-991F-C1E27DC577EF}.Debug|Any CPU.Build.0 = Debug|Any CPU
		{CA2F70F1-6869-40FC-991F-C1E27DC577EF}.Release|Any CPU.ActiveCfg = Release|Any CPU
		{CA2F70F1-6869-40FC-991F-C1E27DC577EF}.Release|Any CPU.Build.0 = Release|Any CPU
		{E86899D7-D46D-470B-BB96-78C1B427384B}.Debug|Any CPU.ActiveCfg = Debug|Any CPU
		{E86899D7-D46D-470B-BB96-78C1B427384B}.Debug|Any CPU.Build.0 = Debug|Any CPU
		{E86899D7-D46D-470B-BB96-78C1B427384B}.Release|Any CPU.ActiveCfg = Release|Any CPU
		{E86899D7-D46D-470B-BB96-78C1B427384B}.Release|Any CPU.Build.0 = Release|Any CPU
		{6038E0A4-4140-43C6-BCAA-1344A7CACDB2}.Debug|Any CPU.ActiveCfg = Debug|Any CPU
		{6038E0A4-4140-43C6-BCAA-1344A7CACDB2}.Debug|Any CPU.Build.0 = Debug|Any CPU
		{6038E0A4-4140-43C6-BCAA-1344A7CACDB2}.Release|Any CPU.ActiveCfg = Release|Any CPU
		{6038E0A4-4140-43C6-BCAA-1344A7CACDB2}.Release|Any CPU.Build.0 = Release|Any CPU
	EndGlobalSection
	GlobalSection(SolutionProperties) = preSolution
		HideSolutionNode = FALSE
	EndGlobalSection
	GlobalSection(NestedProjects) = preSolution
		{67416765-5AA1-47BE-BFAA-9186BA2D2AB9} = {F2E7A101-8CD5-4004-8DE6-75BEDD45C059}
		{CA2F70F1-6869-40FC-991F-C1E27DC577EF} = {F2E7A101-8CD5-4004-8DE6-75BEDD45C059}
		{E86899D7-D46D-470B-BB96-78C1B427384B} = {A8655E27-E6A2-4A00-AC99-26DFDB15042F}
	EndGlobalSection
	GlobalSection(ExtensibilityGlobals) = postSolution
		SolutionGuid = {C1F70223-9C5E-4D8D-8E77-B0E85DD4AE42}
	EndGlobalSection
EndGlobal
